
Microsoft Visual Studio Solution File, Format Version 12.00
# Visual Studio Version 16
VisualStudioVersion = 16.0.30907.101
MinimumVisualStudioVersion = 10.0.40219.1
Project("{FAE04EC0-301F-11D3-BF4B-00C04F79EFBC}") = "QuizApp_CoreWebAPI", "QuizApp_CoreWebAPI\QuizApp_CoreWebAPI.csproj", "{83B383AF-9339-40D8-A9ED-FB0609736686}"
EndProject
Global
	GlobalSection(SolutionConfigurationPlatforms) = preSolution
		Debug|Any CPU = Debug|Any CPU
		Release|Any CPU = Release|Any CPU
	EndGlobalSection
	GlobalSection(ProjectConfigurationPlatforms) = postSolution
		{83B383AF-9339-40D8-A9ED-FB0609736686}.Debug|Any CPU.ActiveCfg = Debug|Any CPU
		{83B383AF-9339-40D8-A9ED-FB0609736686}.Debug|Any CPU.Build.0 = Debug|Any CPU
		{83B383AF-9339-40D8-A9ED-FB0609736686}.Release|Any CPU.ActiveCfg = Release|Any CPU
		{83B383AF-9339-40D8-A9ED-FB0609736686}.Release|Any CPU.Build.0 = Release|Any CPU
	EndGlobalSection
	GlobalSection(SolutionProperties) = preSolution
		HideSolutionNode = FALSE
	EndGlobalSection
	GlobalSection(ExtensibilityGlobals) = postSolution
		SolutionGuid = {DAB3B26A-FF8C-41AB-B5C2-6ABE25EF436D}
	EndGlobalSection
EndGlobal
